{
  "pins" : [
    {
      "identity" : "swift-async-dns-resolver",
      "kind" : "remoteSourceControl",
      "location" : "https://github.com/apple/swift-async-dns-resolver.git",
      "state" : {
        "revision" : "08c07ff31a745ee5e522ac10132fb4949834d925",
        "version" : "0.4.0"
      }
    }
  ],
  "version" : 2
}
