// !$*UTF8*$!
{
	archiveVersion = 1;
	classes = {
	};
	objectVersion = 77;
	objects = {

/* Begin PBXBuildFile section */
		A5B06E5F2EA7FD9F00D51D86 /* NetworkExtension.framework in Frameworks */ = {isa = PBXBuildFile; fileRef = A5B06E5E2EA7FD9F00D51D86 /* NetworkExtension.framework */; };
		A5B06E672EA7FD9F00D51D86 /* PacketTunnel.appex in Embed Foundation Extensions */ = {isa = PBXBuildFile; fileRef = 829ACD0C9D7F0ED75581ECF1 /* PacketTunnel.appex */; settings = {ATTRIBUTES = (RemoveHeadersOnCopy, ); }; };
		C0C0CED02FB327B4005DCB55 /* Tun2Socks.xcframework in Frameworks */ = {isa = PBXBuildFile; fileRef = C0C0CECF2FB327B4005DCB55 /* Tun2Socks.xcframework */; };
		C0C0CED12FB327B4005DCB55 /* Tun2Socks.xcframework in Embed Frameworks */ = {isa = PBXBuildFile; fileRef = C0C0CECF2FB327B4005DCB55 /* Tun2Socks.xcframework */; settings = {ATTRIBUTES = (CodeSignOnCopy, RemoveHeadersOnCopy, ); }; };
		C0C0CED32FB33DEC005DCB55 /* NetworkExtension.framework in Frameworks */ = {isa = PBXBuildFile; fileRef = A5B06E5E2EA7FD9F00D51D86 /* NetworkExtension.framework */; };
/* End PBXBuildFile section */

/* Begin PBXContainerItemProxy section */
		A5B06E182EA7E6E900D51D86 /* PBXContainerItemProxy */ = {
			isa = PBXContainerItemProxy;
			containerPortal = A5B06E022EA7E6E800D51D86 /* Project object */;
			proxyType = 1;
			remoteGlobalIDString = A5B06E092EA7E6E800D51D86;
			remoteInfo = "VPN Bridge";
		};
		A5B06E222EA7E6E900D51D86 /* PBXContainerItemProxy */ = {
			isa = PBXContainerItemProxy;
			containerPortal = A5B06E022EA7E6E800D51D86 /* Project object */;
			proxyType = 1;
			remoteGlobalIDString = A5B06E092EA7E6E800D51D86;
			remoteInfo = "VPN Bridge";
		};
		A5B06E652EA7FD9F00D51D86 /* PBXContainerItemProxy */ = {
			isa = PBXContainerItemProxy;
			containerPortal = A5B06E022EA7E6E800D51D86 /* Project object */;
			proxyType = 1;
			remoteGlobalIDString = A5B06E5B2EA7FD9F00D51D86;
			remoteInfo = PacketTunnel;
		};
/* End PBXContainerItemProxy section */

/* Begin PBXCopyFilesBuildPhase section */
		A5B06E6C2EA7FD9F00D51D86 /* Embed Foundation Extensions */ = {
			isa = PBXCopyFilesBuildPhase;
			buildActionMask = 2147483647;
			dstPath = "";
			dstSubfolderSpec = 13;
			files = (
				A5B06E672EA7FD9F00D51D86 /* PacketTunnel.appex in Embed Foundation Extensions */,
			);
			name = "Embed Foundation Extensions";
			runOnlyForDeploymentPostprocessing = 0;
		};
		C0C0CED22FB327B4005DCB55 /* Embed Frameworks */ = {
			isa = PBXCopyFilesBuildPhase;
			buildActionMask = 2147483647;
			dstPath = "";
			dstSubfolderSpec = 10;
			files = (
				C0C0CED12FB327B4005DCB55 /* Tun2Socks.xcframework in Embed Frameworks */,
			);
			name = "Embed Frameworks";
			runOnlyForDeploymentPostprocessing = 0;
		};
/* End PBXCopyFilesBuildPhase section */

/* Begin PBXFileReference section */
		829ACD0C9D7F0ED75581ECF1 /* PacketTunnel.appex */ = {isa = PBXFileReference; explicitFileType = "wrapper.app-extension"; includeInIndex = 0; path = PacketTunnel.appex; sourceTree = BUILT_PRODUCTS_DIR; };
		A5B06E0A2EA7E6E800D51D86 /* VPN Bridge.app */ = {isa = PBXFileReference; explicitFileType = wrapper.application; includeInIndex = 0; path = "VPN Bridge.app"; sourceTree = BUILT_PRODUCTS_DIR; };
		A5B06E172EA7E6E900D51D86 /* VPN BridgeTests.xctest */ = {isa = PBXFileReference; explicitFileType = wrapper.cfbundle; includeInIndex = 0; path = "VPN BridgeTests.xctest"; sourceTree = BUILT_PRODUCTS_DIR; };
		A5B06E212EA7E6E900D51D86 /* VPN BridgeUITests.xctest */ = {isa = PBXFileReference; explicitFileType = wrapper.cfbundle; includeInIndex = 0; path = "VPN BridgeUITests.xctest"; sourceTree = BUILT_PRODUCTS_DIR; };
		A5B06E5E2EA7FD9F00D51D86 /* NetworkExtension.framework */ = {isa = PBXFileReference; lastKnownFileType = wrapper.framework; name = NetworkExtension.framework; path = System/Library/Frameworks/NetworkExtension.framework; sourceTree = SDKROOT; };
		C0C0CECF2FB327B4005DCB55 /* Tun2Socks.xcframework */ = {isa = PBXFileReference; lastKnownFileType = wrapper.xcframework; name = Tun2Socks.xcframework; path = Build/Tun2Socks/Tun2Socks.xcframework; sourceTree = "<group>"; };
/* End PBXFileReference section */

/* Begin PBXFileSystemSynchronizedRootGroup section */
		5B7C7954FF8F109F66BC8EF8 /* PacketTunnel */ = {
			isa = PBXFileSystemSynchronizedRootGroup;
			path = PacketTunnel;
			sourceTree = "<group>";
		};
		A5B06E0C2EA7E6E800D51D86 /* VPN Bridge */ = {
			isa = PBXFileSystemSynchronizedRootGroup;
			path = "VPN Bridge";
			sourceTree = "<group>";
		};
		A5B06E1A2EA7E6E900D51D86 /* VPN BridgeTests */ = {
			isa = PBXFileSystemSynchronizedRootGroup;
			path = "VPN BridgeTests";
			sourceTree = "<group>";
		};
		A5B06E242EA7E6E900D51D86 /* VPN BridgeUITests */ = {
			isa = PBXFileSystemSynchronizedRootGroup;
			path = "VPN BridgeUITests";
			sourceTree = "<group>";
		};
/* End PBXFileSystemSynchronizedRootGroup section */

/* Begin PBXFrameworksBuildPhase section */
		A5B06E072EA7E6E800D51D86 /* Frameworks */ = {
			isa = PBXFrameworksBuildPhase;
			buildActionMask = 2147483647;
			files = (
				C0C0CED32FB33DEC005DCB55 /* NetworkExtension.framework in Frameworks */,
			);
			runOnlyForDeploymentPostprocessing = 0;
		};
		A5B06E142EA7E6E900D51D86 /* Frameworks */ = {
			isa = PBXFrameworksBuildPhase;
			buildActionMask = 2147483647;
			files = (
			);
			runOnlyForDeploymentPostprocessing = 0;
		};
		A5B06E1E2EA7E6E900D51D86 /* Frameworks */ = {
			isa = PBXFrameworksBuildPhase;
			buildActionMask = 2147483647;
			files = (
			);
			runOnlyForDeploymentPostprocessing = 0;
		};
		A5B06E592EA7FD9F00D51D86 /* Frameworks */ = {
			isa = PBXFrameworksBuildPhase;
			buildActionMask = 2147483647;
			files = (
				A5B06E5F2EA7FD9F00D51D86 /* NetworkExtension.framework in Frameworks */,
				C0C0CED02FB327B4005DCB55 /* Tun2Socks.xcframework in Frameworks */,
			);
			runOnlyForDeploymentPostprocessing = 0;
		};
/* End PBXFrameworksBuildPhase section */

/* Begin PBXGroup section */
		A5B06E012EA7E6E800D51D86 = {
			isa = PBXGroup;
			children = (
				A5B06E0C2EA7E6E800D51D86 /* VPN Bridge */,
				A5B06E1A2EA7E6E900D51D86 /* VPN BridgeTests */,
				A5B06E242EA7E6E900D51D86 /* VPN BridgeUITests */,
				5B7C7954FF8F109F66BC8EF8 /* PacketTunnel */,
				A5B06E5D2EA7FD9F00D51D86 /* Frameworks */,
				A5B06E0B2EA7E6E800D51D86 /* Products */,
			);
			sourceTree = "<group>";
		};
		A5B06E0B2EA7E6E800D51D86 /* Products */ = {
			isa = PBXGroup;
			children = (
				A5B06E0A2EA7E6E800D51D86 /* VPN Bridge.app */,
				A5B06E172EA7E6E900D51D86 /* VPN BridgeTests.xctest */,
				A5B06E212EA7E6E900D51D86 /* VPN BridgeUITests.xctest */,
				829ACD0C9D7F0ED75581ECF1 /* PacketTunnel.appex */,
			);
			name = Products;
			sourceTree = "<group>";
		};
		A5B06E5D2EA7FD9F00D51D86 /* Frameworks */ = {
			isa = PBXGroup;
			children = (
				A5B06E5E2EA7FD9F00D51D86 /* NetworkExtension.framework */,
				C0C0CECF2FB327B4005DCB55 /* Tun2Socks.xcframework */,
			);
			name = Frameworks;
			sourceTree = "<group>";
		};
/* End PBXGroup section */

/* Begin PBXNativeTarget section */
		A5B06E092EA7E6E800D51D86 /* VPN Bridge */ = {
			isa = PBXNativeTarget;
			buildConfigurationList = A5B06E2B2EA7E6E900D51D86 /* Build configuration list for PBXNativeTarget "VPN Bridge" */;
			buildPhases = (
				A5B06E062EA7E6E800D51D86 /* Sources */,
				A5B06E072EA7E6E800D51D86 /* Frameworks */,
				A5B06E082EA7E6E800D51D86 /* Resources */,
				A5B06E6C2EA7FD9F00D51D86 /* Embed Foundation Extensions */,
			);
			buildRules = (
			);
			dependencies = (
				A5B06E662EA7FD9F00D51D86 /* PBXTargetDependency */,
			);
			fileSystemSynchronizedGroups = (
				A5B06E0C2EA7E6E800D51D86 /* VPN Bridge */,
			);
			name = "VPN Bridge";
			packageProductDependencies = (
			);
			productName = "VPN Bridge";
			productReference = A5B06E0A2EA7E6E800D51D86 /* VPN Bridge.app */;
			productType = "com.apple.product-type.application";
		};
		A5B06E162EA7E6E900D51D86 /* VPN BridgeTests */ = {
			isa = PBXNativeTarget;
			buildConfigurationList = A5B06E2E2EA7E6E900D51D86 /* Build configuration list for PBXNativeTarget "VPN BridgeTests" */;
			buildPhases = (
				A5B06E132EA7E6E900D51D86 /* Sources */,
				A5B06E142EA7E6E900D51D86 /* Frameworks */,
				A5B06E152EA7E6E900D51D86 /* Resources */,
			);
			buildRules = (
			);
			dependencies = (
				A5B06E192EA7E6E900D51D86 /* PBXTargetDependency */,
			);
			fileSystemSynchronizedGroups = (
				A5B06E1A2EA7E6E900D51D86 /* VPN BridgeTests */,
			);
			name = "VPN BridgeTests";
			packageProductDependencies = (
			);
			productName = "VPN BridgeTests";
			productReference = A5B06E172EA7E6E900D51D86 /* VPN BridgeTests.xctest */;
			productType = "com.apple.product-type.bundle.unit-test";
		};
		A5B06E202EA7E6E900D51D86 /* VPN BridgeUITests */ = {
			isa = PBXNativeTarget;
			buildConfigurationList = A5B06E312EA7E6E900D51D86 /* Build configuration list for PBXNativeTarget "VPN BridgeUITests" */;
			buildPhases = (
				A5B06E1D2EA7E6E900D51D86 /* Sources */,
				A5B06E1E2EA7E6E900D51D86 /* Frameworks */,
				A5B06E1F2EA7E6E900D51D86 /* Resources */,
			);
			buildRules = (
			);
			dependencies = (
				A5B06E232EA7E6E900D51D86 /* PBXTargetDependency */,
			);
			fileSystemSynchronizedGroups = (
				A5B06E242EA7E6E900D51D86 /* VPN BridgeUITests */,
			);
			name = "VPN BridgeUITests";
			packageProductDependencies = (
			);
			productName = "VPN BridgeUITests";
			productReference = A5B06E212EA7E6E900D51D86 /* VPN BridgeUITests.xctest */;
			productType = "com.apple.product-type.bundle.ui-testing";
		};
		A5B06E5B2EA7FD9F00D51D86 /* PacketTunnel */ = {
			isa = PBXNativeTarget;
			buildConfigurationList = A5B06E692EA7FD9F00D51D86 /* Build configuration list for PBXNativeTarget "PacketTunnel" */;
			buildPhases = (
				A5B06E582EA7FD9F00D51D86 /* Sources */,
				A5B06E592EA7FD9F00D51D86 /* Frameworks */,
				A5B06E5A2EA7FD9F00D51D86 /* Resources */,
				C0C0CED22FB327B4005DCB55 /* Embed Frameworks */,
			);
			buildRules = (
			);
			dependencies = (
			);
			fileSystemSynchronizedGroups = (
				5B7C7954FF8F109F66BC8EF8 /* PacketTunnel */,
			);
			name = PacketTunnel;
			packageProductDependencies = (
			);
			productName = PacketTunnel;
			productReference = 829ACD0C9D7F0ED75581ECF1 /* PacketTunnel.appex */;
			productType = "com.apple.product-type.app-extension";
		};
/* End PBXNativeTarget section */

/* Begin PBXProject section */
		A5B06E022EA7E6E800D51D86 /* Project object */ = {
			isa = PBXProject;
			attributes = {
				BuildIndependentTargetsInParallel = 1;
				LastSwiftUpdateCheck = 2600;
				LastUpgradeCheck = 2600;
				TargetAttributes = {
					A5B06E092EA7E6E800D51D86 = {
						CreatedOnToolsVersion = 26.0;
					};
					A5B06E162EA7E6E900D51D86 = {
						CreatedOnToolsVersion = 26.0;
						TestTargetID = A5B06E092EA7E6E800D51D86;
					};
					A5B06E202EA7E6E900D51D86 = {
						CreatedOnToolsVersion = 26.0;
						TestTargetID = A5B06E092EA7E6E800D51D86;
					};
					A5B06E5B2EA7FD9F00D51D86 = {
						CreatedOnToolsVersion = 26.0;
					};
				};
			};
			buildConfigurationList = A5B06E052EA7E6E800D51D86 /* Build configuration list for PBXProject "VPN Bridge" */;
			developmentRegion = en;
			hasScannedForEncodings = 0;
			knownRegions = (
				en,
				Base,
			);
			mainGroup = A5B06E012EA7E6E800D51D86;
			minimizedProjectReferenceProxies = 1;
			preferredProjectObjectVersion = 77;
			productRefGroup = A5B06E0B2EA7E6E800D51D86 /* Products */;
			projectDirPath = "";
			projectRoot = "";
			targets = (
				A5B06E092EA7E6E800D51D86 /* VPN Bridge */,
				A5B06E162EA7E6E900D51D86 /* VPN BridgeTests */,
				A5B06E202EA7E6E900D51D86 /* VPN BridgeUITests */,
				A5B06E5B2EA7FD9F00D51D86 /* PacketTunnel */,
			);
		};
/* End PBXProject section */

/* Begin PBXResourcesBuildPhase section */
		A5B06E082EA7E6E800D51D86 /* Resources */ = {
			isa = PBXResourcesBuildPhase;
			buildActionMask = 2147483647;
			files = (
			);
			runOnlyForDeploymentPostprocessing = 0;
		};
		A5B06E152EA7E6E900D51D86 /* Resources */ = {
			isa = PBXResourcesBuildPhase;
			buildActionMask = 2147483647;
			files = (
			);
			runOnlyForDeploymentPostprocessing = 0;
		};
		A5B06E1F2EA7E6E900D51D86 /* Resources */ = {
			isa = PBXResourcesBuildPhase;
			buildActionMask = 2147483647;
			files = (
			);
			runOnlyForDeploymentPostprocessing = 0;
		};
		A5B06E5A2EA7FD9F00D51D86 /* Resources */ = {
			isa = PBXResourcesBuildPhase;
			buildActionMask = 2147483647;
			files = (
			);
			runOnlyForDeploymentPostprocessing = 0;
		};
/* End PBXResourcesBuildPhase section */

/* Begin PBXSourcesBuildPhase section */
		A5B06E062EA7E6E800D51D86 /* Sources */ = {
			isa = PBXSourcesBuildPhase;
			buildActionMask = 2147483647;
			files = (
			);
			runOnlyForDeploymentPostprocessing = 0;
		};
		A5B06E132EA7E6E900D51D86 /* Sources */ = {
			isa = PBXSourcesBuildPhase;
			buildActionMask = 2147483647;
			files = (
			);
			runOnlyForDeploymentPostprocessing = 0;
		};
		A5B06E1D2EA7E6E900D51D86 /* Sources */ = {
			isa = PBXSourcesBuildPhase;
			buildActionMask = 2147483647;
			files = (
			);
			runOnlyForDeploymentPostprocessing = 0;
		};
		A5B06E582EA7FD9F00D51D86 /* Sources */ = {
			isa = PBXSourcesBuildPhase;
			buildActionMask = 2147483647;
			files = (
			);
			runOnlyForDeploymentPostprocessing = 0;
		};
/* End PBXSourcesBuildPhase section */

/* Begin PBXTargetDependency section */
		A5B06E192EA7E6E900D51D86 /* PBXTargetDependency */ = {
			isa = PBXTargetDependency;
			target = A5B06E092EA7E6E800D51D86 /* VPN Bridge */;
			targetProxy = A5B06E182EA7E6E900D51D86 /* PBXContainerItemProxy */;
		};
		A5B06E232EA7E6E900D51D86 /* PBXTargetDependency */ = {
			isa = PBXTargetDependency;
			target = A5B06E092EA7E6E800D51D86 /* VPN Bridge */;
			targetProxy = A5B06E222EA7E6E900D51D86 /* PBXContainerItemProxy */;
		};
		A5B06E662EA7FD9F00D51D86 /* PBXTargetDependency */ = {
			isa = PBXTargetDependency;
			target = A5B06E5B2EA7FD9F00D51D86 /* PacketTunnel */;
			targetProxy = A5B06E652EA7FD9F00D51D86 /* PBXContainerItemProxy */;
		};
/* End PBXTargetDependency section */

/* Begin XCBuildConfiguration section */
		A5B06E292EA7E6E900D51D86 /* Debug */ = {
			isa = XCBuildConfiguration;
			buildSettings = {
				ALWAYS_SEARCH_USER_PATHS = NO;
				ASSETCATALOG_COMPILER_GENERATE_SWIFT_ASSET_SYMBOL_EXTENSIONS = YES;
				CLANG_ANALYZER_NONNULL = YES;
				CLANG_ANALYZER_NUMBER_OBJECT_CONVERSION = YES_AGGRESSIVE;
				CLANG_CXX_LANGUAGE_STANDARD = "gnu++20";
				CLANG_ENABLE_MODULES = YES;
				CLANG_ENABLE_OBJC_ARC = YES;
				CLANG_ENABLE_OBJC_WEAK = YES;
				CLANG_WARN_BLOCK_CAPTURE_AUTORELEASING = YES;
				CLANG_WARN_BOOL_CONVERSION = YES;
				CLANG_WARN_COMMA = YES;
				CLANG_WARN_CONSTANT_CONVERSION = YES;
				CLANG_WARN_DEPRECATED_OBJC_IMPLEMENTATIONS = YES;
				CLANG_WARN_DIRECT_OBJC_ISA_USAGE = YES_ERROR;
				CLANG_WARN_DOCUMENTATION_COMMENTS = YES;
				CLANG_WARN_EMPTY_BODY = YES;
				CLANG_WARN_ENUM_CONVERSION = YES;
				CLANG_WARN_INFINITE_RECURSION = YES;
				CLANG_WARN_INT_CONVERSION = YES;
				CLANG_WARN_NON_LITERAL_NULL_CONVERSION = YES;
				CLANG_WARN_OBJC_IMPLICIT_RETAIN_SELF = YES;
				CLANG_WARN_OBJC_LITERAL_CONVERSION = YES;
				CLANG_WARN_OBJC_ROOT_CLASS = YES_ERROR;
				CLANG_WARN_QUOTED_INCLUDE_IN_FRAMEWORK_HEADER = YES;
				CLANG_WARN_RANGE_LOOP_ANALYSIS = YES;
				CLANG_WARN_STRICT_PROTOTYPES = YES;
				CLANG_WARN_SUSPICIOUS_MOVE = YES;
				CLANG_WARN_UNGUARDED_AVAILABILITY = YES_AGGRESSIVE;
				CLANG_WARN_UNREACHABLE_CODE = YES;
				CLANG_WARN__DUPLICATE_METHOD_MATCH = YES;
				COPY_PHASE_STRIP = NO;
				DEBUG_INFORMATION_FORMAT = dwarf;
				DEVELOPMENT_TEAM = HAS3TRVNSF;
				ENABLE_STRICT_OBJC_MSGSEND = YES;
				ENABLE_TESTABILITY = YES;
				ENABLE_USER_SCRIPT_SANDBOXING = YES;
				GCC_C_LANGUAGE_STANDARD = gnu17;
				GCC_DYNAMIC_NO_PIC = NO;
				GCC_NO_COMMON_BLOCKS = YES;
				GCC_OPTIMIZATION_LEVEL = 0;
				GCC_PREPROCESSOR_DEFINITIONS = (
					"DEBUG=1",
					"$(inherited)",
				);
				GCC_WARN_64_TO_32_BIT_CONVERSION = YES;
				GCC_WARN_ABOUT_RETURN_TYPE = YES_ERROR;
				GCC_WARN_UNDECLARED_SELECTOR = YES;
				GCC_WARN_UNINITIALIZED_AUTOS = YES_AGGRESSIVE;
				GCC_WARN_UNUSED_FUNCTION = YES;
				GCC_WARN_UNUSED_VARIABLE = YES;
				LOCALIZATION_PREFERS_STRING_CATALOGS = YES;
				MTL_ENABLE_DEBUG_INFO = INCLUDE_SOURCE;
				MTL_FAST_MATH = YES;
				ONLY_ACTIVE_ARCH = YES;
				SUPPORTED_PLATFORMS = "iphonesimulator iphoneos";
				SWIFT_ACTIVE_COMPILATION_CONDITIONS = "DEBUG $(inherited)";
				SWIFT_OPTIMIZATION_LEVEL = "-Onone";
			};
			name = Debug;
		};
		A5B06E2A2EA7E6E900D51D86 /* Release */ = {
			isa = XCBuildConfiguration;
			buildSettings = {
				ALWAYS_SEARCH_USER_PATHS = NO;
				ASSETCATALOG_COMPILER_GENERATE_SWIFT_ASSET_SYMBOL_EXTENSIONS = YES;
				CLANG_ANALYZER_NONNULL = YES;
				CLANG_ANALYZER_NUMBER_OBJECT_CONVERSION = YES_AGGRESSIVE;
				CLANG_CXX_LANGUAGE_STANDARD = "gnu++20";
				CLANG_ENABLE_MODULES = YES;
				CLANG_ENABLE_OBJC_ARC = YES;
				CLANG_ENABLE_OBJC_WEAK = YES;
				CLANG_WARN_BLOCK_CAPTURE_AUTORELEASING = YES;
				CLANG_WARN_BOOL_CONVERSION = YES;
				CLANG_WARN_COMMA = YES;
				CLANG_WARN_CONSTANT_CONVERSION = YES;
				CLANG_WARN_DEPRECATED_OBJC_IMPLEMENTATIONS = YES;
				CLANG_WARN_DIRECT_OBJC_ISA_USAGE = YES_ERROR;
				CLANG_WARN_DOCUMENTATION_COMMENTS = YES;
				CLANG_WARN_EMPTY_BODY = YES;
				CLANG_WARN_ENUM_CONVERSION = YES;
				CLANG_WARN_INFINITE_RECURSION = YES;
				CLANG_WARN_INT_CONVERSION = YES;
				CLANG_WARN_NON_LITERAL_NULL_CONVERSION = YES;
				CLANG_WARN_OBJC_IMPLICIT_RETAIN_SELF = YES;
				CLANG_WARN_OBJC_LITERAL_CONVERSION = YES;
				CLANG_WARN_OBJC_ROOT_CLASS = YES_ERROR;
				CLANG_WARN_QUOTED_INCLUDE_IN_FRAMEWORK_HEADER = YES;
				CLANG_WARN_RANGE_LOOP_ANALYSIS = YES;
				CLANG_WARN_STRICT_PROTOTYPES = YES;
				CLANG_WARN_SUSPICIOUS_MOVE = YES;
				CLANG_WARN_UNGUARDED_AVAILABILITY = YES_AGGRESSIVE;
				CLANG_WARN_UNREACHABLE_CODE = YES;
				CLANG_WARN__DUPLICATE_METHOD_MATCH = YES;
				COPY_PHASE_STRIP = NO;
				DEBUG_INFORMATION_FORMAT = "dwarf-with-dsym";
				DEVELOPMENT_TEAM = HAS3TRVNSF;
				ENABLE_NS_ASSERTIONS = NO;
				ENABLE_STRICT_OBJC_MSGSEND = YES;
				ENABLE_USER_SCRIPT_SANDBOXING = YES;
				GCC_C_LANGUAGE_STANDARD = gnu17;
				GCC_NO_COMMON_BLOCKS = YES;
				GCC_WARN_64_TO_32_BIT_CONVERSION = YES;
				GCC_WARN_ABOUT_RETURN_TYPE = YES_ERROR;
				GCC_WARN_UNDECLARED_SELECTOR = YES;
				GCC_WARN_UNINITIALIZED_AUTOS = YES_AGGRESSIVE;
				GCC_WARN_UNUSED_FUNCTION = YES;
				GCC_WARN_UNUSED_VARIABLE = YES;
				LOCALIZATION_PREFERS_STRING_CATALOGS = YES;
				MTL_ENABLE_DEBUG_INFO = NO;
				MTL_FAST_MATH = YES;
				SUPPORTED_PLATFORMS = "iphonesimulator iphoneos";
				SWIFT_COMPILATION_MODE = wholemodule;
			};
			name = Release;
		};
		A5B06E2C2EA7E6E900D51D86 /* Debug */ = {
			isa = XCBuildConfiguration;
			buildSettings = {
				ASSETCATALOG_COMPILER_APPICON_NAME = AppIcon;
				ASSETCATALOG_COMPILER_GLOBAL_ACCENT_COLOR_NAME = AccentColor;
				CODE_SIGN_ENTITLEMENTS = "VPN Bridge/VPN Bridge.entitlements";
				CODE_SIGN_STYLE = Automatic;
				CURRENT_PROJECT_VERSION = 1;
				DEVELOPMENT_TEAM = HAS3TRVNSF;
				ENABLE_APP_SANDBOX = YES;
				ENABLE_HARDENED_RUNTIME = YES;
				ENABLE_INCOMING_NETWORK_CONNECTIONS = YES;
				ENABLE_OUTGOING_NETWORK_CONNECTIONS = YES;
				ENABLE_PREVIEWS = YES;
				ENABLE_RESOURCE_ACCESS_AUDIO_INPUT = NO;
				ENABLE_RESOURCE_ACCESS_BLUETOOTH = NO;
				ENABLE_RESOURCE_ACCESS_CALENDARS = NO;
				ENABLE_RESOURCE_ACCESS_CAMERA = NO;
				ENABLE_RESOURCE_ACCESS_CONTACTS = NO;
				ENABLE_RESOURCE_ACCESS_LOCATION = NO;
				ENABLE_RESOURCE_ACCESS_PRINTING = NO;
				ENABLE_RESOURCE_ACCESS_USB = NO;
				ENABLE_USER_SELECTED_FILES = readonly;
				GENERATE_INFOPLIST_FILE = YES;
				"INFOPLIST_KEY_UIApplicationSceneManifest_Generation[sdk=iphoneos*]" = YES;
				"INFOPLIST_KEY_UIApplicationSceneManifest_Generation[sdk=iphonesimulator*]" = YES;
				"INFOPLIST_KEY_UIApplicationSupportsIndirectInputEvents[sdk=iphoneos*]" = YES;
				"INFOPLIST_KEY_UIApplicationSupportsIndirectInputEvents[sdk=iphonesimulator*]" = YES;
				"INFOPLIST_KEY_UILaunchScreen_Generation[sdk=iphoneos*]" = YES;
				"INFOPLIST_KEY_UILaunchScreen_Generation[sdk=iphonesimulator*]" = YES;
				"INFOPLIST_KEY_UIStatusBarStyle[sdk=iphoneos*]" = UIStatusBarStyleDefault;
				"INFOPLIST_KEY_UIStatusBarStyle[sdk=iphonesimulator*]" = UIStatusBarStyleDefault;
				INFOPLIST_KEY_UISupportedInterfaceOrientations_iPad = "UIInterfaceOrientationPortrait UIInterfaceOrientationPortraitUpsideDown UIInterfaceOrientationLandscapeLeft UIInterfaceOrientationLandscapeRight";
				INFOPLIST_KEY_UISupportedInterfaceOrientations_iPhone = "UIInterfaceOrientationPortrait UIInterfaceOrientationLandscapeLeft UIInterfaceOrientationLandscapeRight";
				IPHONEOS_DEPLOYMENT_TARGET = 26.0;
				LD_RUNPATH_SEARCH_PATHS = "@executable_path/Frameworks";
				MARKETING_VERSION = 1.0;
				PRODUCT_BUNDLE_IDENTIFIER = "relative-companies.VPN-Bridge";
				PRODUCT_NAME = "$(TARGET_NAME)";
				REGISTER_APP_GROUPS = YES;
				SDKROOT = iphoneos;
				STRING_CATALOG_GENERATE_SYMBOLS = YES;
				SUPPORTED_PLATFORMS = "iphoneos iphonesimulator";
				SWIFT_APPROACHABLE_CONCURRENCY = YES;
				SWIFT_DEFAULT_ACTOR_ISOLATION = MainActor;
				SWIFT_EMIT_LOC_STRINGS = YES;
				SWIFT_UPCOMING_FEATURE_MEMBER_IMPORT_VISIBILITY = YES;
				SWIFT_VERSION = 5.0;
				TARGETED_DEVICE_FAMILY = "1,2";
			};
			name = Debug;
		};
		A5B06E2D2EA7E6E900D51D86 /* Release */ = {
			isa = XCBuildConfiguration;
			buildSettings = {
				ASSETCATALOG_COMPILER_APPICON_NAME = AppIcon;
				ASSETCATALOG_COMPILER_GLOBAL_ACCENT_COLOR_NAME = AccentColor;
				CODE_SIGN_ENTITLEMENTS = "VPN Bridge/VPN Bridge.entitlements";
				CODE_SIGN_STYLE = Automatic;
				CURRENT_PROJECT_VERSION = 1;
				DEVELOPMENT_TEAM = HAS3TRVNSF;
				ENABLE_APP_SANDBOX = YES;
				ENABLE_HARDENED_RUNTIME = YES;
				ENABLE_INCOMING_NETWORK_CONNECTIONS = YES;
				ENABLE_OUTGOING_NETWORK_CONNECTIONS = YES;
				ENABLE_PREVIEWS = YES;
				ENABLE_RESOURCE_ACCESS_AUDIO_INPUT = NO;
				ENABLE_RESOURCE_ACCESS_BLUETOOTH = NO;
				ENABLE_RESOURCE_ACCESS_CALENDARS = NO;
				ENABLE_RESOURCE_ACCESS_CAMERA = NO;
				ENABLE_RESOURCE_ACCESS_CONTACTS = NO;
				ENABLE_RESOURCE_ACCESS_LOCATION = NO;
				ENABLE_RESOURCE_ACCESS_PRINTING = NO;
				ENABLE_RESOURCE_ACCESS_USB = NO;
				ENABLE_USER_SELECTED_FILES = readonly;
				GENERATE_INFOPLIST_FILE = YES;
				"INFOPLIST_KEY_UIApplicationSceneManifest_Generation[sdk=iphoneos*]" = YES;
				"INFOPLIST_KEY_UIApplicationSceneManifest_Generation[sdk=iphonesimulator*]" = YES;
				"INFOPLIST_KEY_UIApplicationSupportsIndirectInputEvents[sdk=iphoneos*]" = YES;
				"INFOPLIST_KEY_UIApplicationSupportsIndirectInputEvents[sdk=iphonesimulator*]" = YES;
				"INFOPLIST_KEY_UILaunchScreen_Generation[sdk=iphoneos*]" = YES;
				"INFOPLIST_KEY_UILaunchScreen_Generation[sdk=iphonesimulator*]" = YES;
				"INFOPLIST_KEY_UIStatusBarStyle[sdk=iphoneos*]" = UIStatusBarStyleDefault;
				"INFOPLIST_KEY_UIStatusBarStyle[sdk=iphonesimulator*]" = UIStatusBarStyleDefault;
				INFOPLIST_KEY_UISupportedInterfaceOrientations_iPad = "UIInterfaceOrientationPortrait UIInterfaceOrientationPortraitUpsideDown UIInterfaceOrientationLandscapeLeft UIInterfaceOrientationLandscapeRight";
				INFOPLIST_KEY_UISupportedInterfaceOrientations_iPhone = "UIInterfaceOrientationPortrait UIInterfaceOrientationLandscapeLeft UIInterfaceOrientationLandscapeRight";
				IPHONEOS_DEPLOYMENT_TARGET = 26.0;
				LD_RUNPATH_SEARCH_PATHS = "@executable_path/Frameworks";
				MARKETING_VERSION = 1.0;
				PRODUCT_BUNDLE_IDENTIFIER = "relative-companies.VPN-Bridge";
				PRODUCT_NAME = "$(TARGET_NAME)";
				REGISTER_APP_GROUPS = YES;
				SDKROOT = iphoneos;
				STRING_CATALOG_GENERATE_SYMBOLS = YES;
				SUPPORTED_PLATFORMS = "iphoneos iphonesimulator";
				SWIFT_APPROACHABLE_CONCURRENCY = YES;
				SWIFT_DEFAULT_ACTOR_ISOLATION = MainActor;
				SWIFT_EMIT_LOC_STRINGS = YES;
				SWIFT_UPCOMING_FEATURE_MEMBER_IMPORT_VISIBILITY = YES;
				SWIFT_VERSION = 5.0;
				TARGETED_DEVICE_FAMILY = "1,2";
			};
			name = Release;
		};
		A5B06E2F2EA7E6E900D51D86 /* Debug */ = {
			isa = XCBuildConfiguration;
			buildSettings = {
				BUNDLE_LOADER = "$(TEST_HOST)";
				CODE_SIGN_STYLE = Automatic;
				CURRENT_PROJECT_VERSION = 1;
				DEVELOPMENT_TEAM = HAS3TRVNSF;
				GENERATE_INFOPLIST_FILE = YES;
				IPHONEOS_DEPLOYMENT_TARGET = 26.0;
				MARKETING_VERSION = 1.0;
				PRODUCT_BUNDLE_IDENTIFIER = "relative-companies.VPN-BridgeTests";
				PRODUCT_NAME = "$(TARGET_NAME)";
				SDKROOT = iphonesimulator;
				STRING_CATALOG_GENERATE_SYMBOLS = NO;
				SUPPORTED_PLATFORMS = "iphoneos iphonesimulator";
				SWIFT_APPROACHABLE_CONCURRENCY = YES;
				SWIFT_EMIT_LOC_STRINGS = NO;
				SWIFT_UPCOMING_FEATURE_MEMBER_IMPORT_VISIBILITY = YES;
				SWIFT_VERSION = 5.0;
				TARGETED_DEVICE_FAMILY = "1,2";
				TEST_HOST = "$(BUILT_PRODUCTS_DIR)/VPN Bridge.app/$(BUNDLE_EXECUTABLE_FOLDER_PATH)/VPN Bridge";
			};
			name = Debug;
		};
		A5B06E302EA7E6E900D51D86 /* Release */ = {
			isa = XCBuildConfiguration;
			buildSettings = {
				BUNDLE_LOADER = "$(TEST_HOST)";
				CODE_SIGN_STYLE = Automatic;
				CURRENT_PROJECT_VERSION = 1;
				DEVELOPMENT_TEAM = HAS3TRVNSF;
				GENERATE_INFOPLIST_FILE = YES;
				IPHONEOS_DEPLOYMENT_TARGET = 26.0;
				MARKETING_VERSION = 1.0;
				PRODUCT_BUNDLE_IDENTIFIER = "relative-companies.VPN-BridgeTests";
				PRODUCT_NAME = "$(TARGET_NAME)";
				SDKROOT = iphonesimulator;
				STRING_CATALOG_GENERATE_SYMBOLS = NO;
				SUPPORTED_PLATFORMS = "iphoneos iphonesimulator";
				SWIFT_APPROACHABLE_CONCURRENCY = YES;
				SWIFT_EMIT_LOC_STRINGS = NO;
				SWIFT_UPCOMING_FEATURE_MEMBER_IMPORT_VISIBILITY = YES;
				SWIFT_VERSION = 5.0;
				TARGETED_DEVICE_FAMILY = "1,2";
				TEST_HOST = "$(BUILT_PRODUCTS_DIR)/VPN Bridge.app/$(BUNDLE_EXECUTABLE_FOLDER_PATH)/VPN Bridge";
			};
			name = Release;
		};
		A5B06E322EA7E6E900D51D86 /* Debug */ = {
			isa = XCBuildConfiguration;
			buildSettings = {
				CODE_SIGN_STYLE = Automatic;
				CURRENT_PROJECT_VERSION = 1;
				DEVELOPMENT_TEAM = HAS3TRVNSF;
				GENERATE_INFOPLIST_FILE = YES;
				IPHONEOS_DEPLOYMENT_TARGET = 26.0;
				MARKETING_VERSION = 1.0;
				PRODUCT_BUNDLE_IDENTIFIER = "relative-companies.VPN-BridgeUITests";
				PRODUCT_NAME = "$(TARGET_NAME)";
				SDKROOT = iphonesimulator;
				STRING_CATALOG_GENERATE_SYMBOLS = NO;
				SUPPORTED_PLATFORMS = "iphoneos iphonesimulator";
				SWIFT_APPROACHABLE_CONCURRENCY = YES;
				SWIFT_EMIT_LOC_STRINGS = NO;
				SWIFT_UPCOMING_FEATURE_MEMBER_IMPORT_VISIBILITY = YES;
				SWIFT_VERSION = 5.0;
				TARGETED_DEVICE_FAMILY = "1,2";
				TEST_TARGET_NAME = "VPN Bridge";
			};
			name = Debug;
		};
		A5B06E332EA7E6E900D51D86 /* Release */ = {
			isa = XCBuildConfiguration;
			buildSettings = {
				CODE_SIGN_STYLE = Automatic;
				CURRENT_PROJECT_VERSION = 1;
				DEVELOPMENT_TEAM = HAS3TRVNSF;
				GENERATE_INFOPLIST_FILE = YES;
				IPHONEOS_DEPLOYMENT_TARGET = 26.0;
				MARKETING_VERSION = 1.0;
				PRODUCT_BUNDLE_IDENTIFIER = "relative-companies.VPN-BridgeUITests";
				PRODUCT_NAME = "$(TARGET_NAME)";
				SDKROOT = iphonesimulator;
				STRING_CATALOG_GENERATE_SYMBOLS = NO;
				SUPPORTED_PLATFORMS = "iphoneos iphonesimulator";
				SWIFT_APPROACHABLE_CONCURRENCY = YES;
				SWIFT_EMIT_LOC_STRINGS = NO;
				SWIFT_UPCOMING_FEATURE_MEMBER_IMPORT_VISIBILITY = YES;
				SWIFT_VERSION = 5.0;
				TARGETED_DEVICE_FAMILY = "1,2";
				TEST_TARGET_NAME = "VPN Bridge";
			};
			name = Release;
		};
		A5B06E6A2EA7FD9F00D51D86 /* Debug */ = {
			isa = XCBuildConfiguration;
			buildSettings = {
				CODE_SIGN_ENTITLEMENTS = PacketTunnel/PacketTunnel.entitlements;
				CODE_SIGN_STYLE = Automatic;
				CURRENT_PROJECT_VERSION = 1;
				DEVELOPMENT_TEAM = HAS3TRVNSF;
				FRAMEWORK_SEARCH_PATHS = (
					"$(inherited)",
					"$(PROJECT_DIR)/Build/Tun2Socks",
				);
				GENERATE_INFOPLIST_FILE = YES;
				INFOPLIST_FILE = Configs/PacketTunnelExtensionInfo.plist;
				INFOPLIST_KEY_CFBundleDisplayName = PacketTunnel;
				INFOPLIST_KEY_NSHumanReadableCopyright = "";
				IPHONEOS_DEPLOYMENT_TARGET = 26.0;
				LD_RUNPATH_SEARCH_PATHS = (
					"$(inherited)",
					"@executable_path/Frameworks",
					"@executable_path/../../Frameworks",
				);
				MARKETING_VERSION = 1.0;
				PRODUCT_BUNDLE_IDENTIFIER = "relative-companies.VPN-Bridge.PacketTunnel";
				PRODUCT_NAME = PacketTunnel;
				SDKROOT = iphoneos;
				SKIP_INSTALL = YES;
				STRING_CATALOG_GENERATE_SYMBOLS = YES;
				SWIFT_APPROACHABLE_CONCURRENCY = YES;
				SWIFT_EMIT_LOC_STRINGS = YES;
				SWIFT_UPCOMING_FEATURE_MEMBER_IMPORT_VISIBILITY = YES;
				SWIFT_VERSION = 5.0;
				TARGETED_DEVICE_FAMILY = "1,2";
			};
			name = Debug;
		};
		A5B06E6B2EA7FD9F00D51D86 /* Release */ = {
			isa = XCBuildConfiguration;
			buildSettings = {
				CODE_SIGN_ENTITLEMENTS = PacketTunnel/PacketTunnel.entitlements;
				CODE_SIGN_STYLE = Automatic;
				CURRENT_PROJECT_VERSION = 1;
				DEVELOPMENT_TEAM = HAS3TRVNSF;
				FRAMEWORK_SEARCH_PATHS = (
					"$(inherited)",
					"$(PROJECT_DIR)/Build/Tun2Socks",
				);
				GENERATE_INFOPLIST_FILE = YES;
				INFOPLIST_FILE = Configs/PacketTunnelExtensionInfo.plist;
				INFOPLIST_KEY_CFBundleDisplayName = PacketTunnel;
				INFOPLIST_KEY_NSHumanReadableCopyright = "";
				IPHONEOS_DEPLOYMENT_TARGET = 26.0;
				LD_RUNPATH_SEARCH_PATHS = (
					"$(inherited)",
					"@executable_path/Frameworks",
					"@executable_path/../../Frameworks",
				);
				MARKETING_VERSION = 1.0;
				PRODUCT_BUNDLE_IDENTIFIER = "relative-companies.VPN-Bridge.PacketTunnel";
				PRODUCT_NAME = PacketTunnel;
				SDKROOT = iphoneos;
				SKIP_INSTALL = YES;
				STRING_CATALOG_GENERATE_SYMBOLS = YES;
				SWIFT_APPROACHABLE_CONCURRENCY = YES;
				SWIFT_EMIT_LOC_STRINGS = YES;
				SWIFT_UPCOMING_FEATURE_MEMBER_IMPORT_VISIBILITY = YES;
				SWIFT_VERSION = 5.0;
				TARGETED_DEVICE_FAMILY = "1,2";
				VALIDATE_PRODUCT = YES;
			};
			name = Release;
		};
/* End XCBuildConfiguration section */

/* Begin XCConfigurationList section */
		A5B06E052EA7E6E800D51D86 /* Build configuration list for PBXProject "VPN Bridge" */ = {
			isa = XCConfigurationList;
			buildConfigurations = (
				A5B06E292EA7E6E900D51D86 /* Debug */,
				A5B06E2A2EA7E6E900D51D86 /* Release */,
			);
			defaultConfigurationIsVisible = 0;
			defaultConfigurationName = Release;
		};
		A5B06E2B2EA7E6E900D51D86 /* Build configuration list for PBXNativeTarget "VPN Bridge" */ = {
			isa = XCConfigurationList;
			buildConfigurations = (
				A5B06E2C2EA7E6E900D51D86 /* Debug */,
				A5B06E2D2EA7E6E900D51D86 /* Release */,
			);
			defaultConfigurationIsVisible = 0;
			defaultConfigurationName = Release;
		};
		A5B06E2E2EA7E6E900D51D86 /* Build configuration list for PBXNativeTarget "VPN BridgeTests" */ = {
			isa = XCConfigurationList;
			buildConfigurations = (
				A5B06E2F2EA7E6E900D51D86 /* Debug */,
				A5B06E302EA7E6E900D51D86 /* Release */,
			);
			defaultConfigurationIsVisible = 0;
			defaultConfigurationName = Release;
		};
		A5B06E312EA7E6E900D51D86 /* Build configuration list for PBXNativeTarget "VPN BridgeUITests" */ = {
			isa = XCConfigurationList;
			buildConfigurations = (
				A5B06E322EA7E6E900D51D86 /* Debug */,
				A5B06E332EA7E6E900D51D86 /* Release */,
			);
			defaultConfigurationIsVisible = 0;
			defaultConfigurationName = Release;
		};
		A5B06E692EA7FD9F00D51D86 /* Build configuration list for PBXNativeTarget "PacketTunnel" */ = {
			isa = XCConfigurationList;
			buildConfigurations = (
				A5B06E6A2EA7FD9F00D51D86 /* Debug */,
				A5B06E6B2EA7FD9F00D51D86 /* Release */,
			);
			defaultConfigurationIsVisible = 0;
			defaultConfigurationName = Release;
		};
/* End XCConfigurationList section */
	};
	rootObject = A5B06E022EA7E6E800D51D86 /* Project object */;
}
